
Microsoft Visual Studio Solution File, Format Version 12.00
# Visual Studio Version 17
VisualStudioVersion = 17.6.33717.318
MinimumVisualStudioVersion = 10.0.40219.1
Project("{2150E333-8FDC-42A3-9474-1A3956D46DE8}") = "Api", "Api", "{39261E4A-BE99-4B0D-8EFA-43132A5F853D}"
EndProject
Project("{2150E333-8FDC-42A3-9474-1A3956D46DE8}") = "Modules", "Modules", "{BA40295A-3666-4983-9F61-AC4D45E7EFEC}"
EndProject
Project("{2150E333-8FDC-42A3-9474-1A3956D46DE8}") = "Shared", "Shared", "{997A0C84-EB89-4D6F-A590-BCF1CB553E4E}"
EndProject
Project("{9A19103F-16F7-4668-BE54-9A1E7A4F7556}") = "HeyTom.Api", "Api\HeyTom.Api\HeyTom.Api.csproj", "{7AD3A0E8-DF43-4634-B0D0-87C5DA2C3692}"
EndProject
Project("{2150E333-8FDC-42A3-9474-1A3956D46DE8}") = "User", "User", "{3468F982-C795-4F64-AB7F-06E271766384}"
EndProject
Project("{2150E333-8FDC-42A3-9474-1A3956D46DE8}") = "Goods", "Goods", "{BD882D38-F092-4AD0-9873-DCE7F333EA16}"
EndProject
Project("{9A19103F-16F7-4668-BE54-9A1E7A4F7556}") = "Module.User", "Modules\Module.User\Module.User.csproj", "{58BAC106-E058-4D5A-A9E1-262EC8A601F9}"
EndProject
Project("{9A19103F-16F7-4668-BE54-9A1E7A4F7556}") = "Module.User.Application", "Modules\Module.User.Application\Module.User.Application.csproj", "{793ED006-2798-4726-BF12-CCB8BDD88056}"
EndProject
Project("{9A19103F-16F7-4668-BE54-9A1E7A4F7556}") = "Module.User.Domain", "Modules\Module.User.Domain\Module.User.Domain.csproj", "{C804AFD9-183E-43F1-BF32-D13BCE0E0BC1}"
EndProject
Project("{9A19103F-16F7-4668-BE54-9A1E7A4F7556}") = "Module.User.Infrastructure", "Modules\Module.User.Infrastructure\Module.User.Infrastructure.csproj", "{D2D77867-864C-4188-8568-137F3B6B3970}"
EndProject
Project("{9A19103F-16F7-4668-BE54-9A1E7A4F7556}") = "HeyTom.Web.Core", "Shared\HeyTom.Web.Core\HeyTom.Web.Core.csproj", "{CDBC03C0-819C-4940-A08E-A2195B90E2BB}"
EndProject
Project("{9A19103F-16F7-4668-BE54-9A1E7A4F7556}") = "Shared.Instrastructure", "Shared\Shared.Instrastructure\Shared.Instrastructure.csproj", "{1A507014-BFFC-4537-8CC3-4FF57E6FC535}"
EndProject
Global
	GlobalSection(SolutionConfigurationPlatforms) = preSolution
		Debug|Any CPU = Debug|Any CPU
		Release|Any CPU = Release|Any CPU
	EndGlobalSection
	GlobalSection(ProjectConfigurationPlatforms) = postSolution
		{7AD3A0E8-DF43-4634-B0D0-87C5DA2C3692}.Debug|Any CPU.ActiveCfg = Debug|Any CPU
		{7AD3A0E8-DF43-4634-B0D0-87C5DA2C3692}.Debug|Any CPU.Build.0 = Debug|Any CPU
		{7AD3A0E8-DF43-4634-B0D0-87C5DA2C3692}.Release|Any CPU.ActiveCfg = Release|Any CPU
		{7AD3A0E8-DF43-4634-B0D0-87C5DA2C3692}.Release|Any CPU.Build.0 = Release|Any CPU
		{58BAC106-E058-4D5A-A9E1-262EC8A601F9}.Debug|Any CPU.ActiveCfg = Debug|Any CPU
		{58BAC106-E058-4D5A-A9E1-262EC8A601F9}.Debug|Any CPU.Build.0 = Debug|Any CPU
		{58BAC106-E058-4D5A-A9E1-262EC8A601F9}.Release|Any CPU.ActiveCfg = Release|Any CPU
		{58BAC106-E058-4D5A-A9E1-262EC8A601F9}.Release|Any CPU.Build.0 = Release|Any CPU
		{793ED006-2798-4726-BF12-CCB8BDD88056}.Debug|Any CPU.ActiveCfg = Debug|Any CPU
		{793ED006-2798-4726-BF12-CCB8BDD88056}.Debug|Any CPU.Build.0 = Debug|Any CPU
		{793ED006-2798-4726-BF12-CCB8BDD88056}.Release|Any CPU.ActiveCfg = Release|Any CPU
		{793ED006-2798-4726-BF12-CCB8BDD88056}.Release|Any CPU.Build.0 = Release|Any CPU
		{C804AFD9-183E-43F1-BF32-D13BCE0E0BC1}.Debug|Any CPU.ActiveCfg = Debug|Any CPU
		{C804AFD9-183E-43F1-BF32-D13BCE0E0BC1}.Debug|Any CPU.Build.0 = Debug|Any CPU
		{C804AFD9-183E-43F1-BF32-D13BCE0E0BC1}.Release|Any CPU.ActiveCfg = Release|Any CPU
		{C804AFD9-183E-43F1-BF32-D13BCE0E0BC1}.Release|Any CPU.Build.0 = Release|Any CPU
		{D2D77867-864C-4188-8568-137F3B6B3970}.Debug|Any CPU.ActiveCfg = Debug|Any CPU
		{D2D77867-864C-4188-8568-137F3B6B3970}.Debug|Any CPU.Build.0 = Debug|Any CPU
		{D2D77867-864C-4188-8568-137F3B6B3970}.Release|Any CPU.ActiveCfg = Release|Any CPU
		{D2D77867-864C-4188-8568-137F3B6B3970}.Release|Any CPU.Build.0 = Release|Any CPU
		{CDBC03C0-819C-4940-A08E-A2195B90E2BB}.Debug|Any CPU.ActiveCfg = Debug|Any CPU
		{CDBC03C0-819C-4940-A08E-A2195B90E2BB}.Debug|Any CPU.Build.0 = Debug|Any CPU
		{CDBC03C0-819C-4940-A08E-A2195B90E2BB}.Release|Any CPU.ActiveCfg = Release|Any CPU
		{CDBC03C0-819C-4940-A08E-A2195B90E2BB}.Release|Any CPU.Build.0 = Release|Any CPU
		{1A507014-BFFC-4537-8CC3-4FF57E6FC535}.Debug|Any CPU.ActiveCfg = Debug|Any CPU
		{1A507014-BFFC-4537-8CC3-4FF57E6FC535}.Debug|Any CPU.Build.0 = Debug|Any CPU
		{1A507014-BFFC-4537-8CC3-4FF57E6FC535}.Release|Any CPU.ActiveCfg = Release|Any CPU
		{1A507014-BFFC-4537-8CC3-4FF57E6FC535}.Release|Any CPU.Build.0 = Release|Any CPU
	EndGlobalSection
	GlobalSection(SolutionProperties) = preSolution
		HideSolutionNode = FALSE
	EndGlobalSection
	GlobalSection(NestedProjects) = preSolution
		{7AD3A0E8-DF43-4634-B0D0-87C5DA2C3692} = {39261E4A-BE99-4B0D-8EFA-43132A5F853D}
		{3468F982-C795-4F64-AB7F-06E271766384} = {BA40295A-3666-4983-9F61-AC4D45E7EFEC}
		{BD882D38-F092-4AD0-9873-DCE7F333EA16} = {BA40295A-3666-4983-9F61-AC4D45E7EFEC}
		{58BAC106-E058-4D5A-A9E1-262EC8A601F9} = {3468F982-C795-4F64-AB7F-06E271766384}
		{793ED006-2798-4726-BF12-CCB8BDD88056} = {3468F982-C795-4F64-AB7F-06E271766384}
		{C804AFD9-183E-43F1-BF32-D13BCE0E0BC1} = {3468F982-C795-4F64-AB7F-06E271766384}
		{D2D77867-864C-4188-8568-137F3B6B3970} = {3468F982-C795-4F64-AB7F-06E271766384}
		{CDBC03C0-819C-4940-A08E-A2195B90E2BB} = {997A0C84-EB89-4D6F-A590-BCF1CB553E4E}
		{1A507014-BFFC-4537-8CC3-4FF57E6FC535} = {997A0C84-EB89-4D6F-A590-BCF1CB553E4E}
	EndGlobalSection
	GlobalSection(ExtensibilityGlobals) = postSolution
		SolutionGuid = {995E8771-E2FF-41F7-9191-4FA22AF8AF52}
	EndGlobalSection
EndGlobal
